
Microsoft Visual Studio Solution File, Format Version 12.00
# Visual Studio Version 17
VisualStudioVersion = 17.12.35707.178 d17.12
MinimumVisualStudioVersion = 10.0.40219.1
Project("{FAE04EC0-301F-11D3-BF4B-00C04F79EFBC}") = "SpaceStationLogisticsManager", "SpaceStationLogisticsManager\SpaceStationLogisticsManager.csproj", "{1606330B-D9F9-4148-8351-B59C4462ACC2}"
EndProject
Project("{FAE04EC0-301F-11D3-BF4B-00C04F79EFBC}") = "DockingModule", "DockingModule\DockingModule.csproj", "{3369D792-A596-44E1-8145-6CBE0CE18957}"
EndProject
Project("{FAE04EC0-301F-11D3-BF4B-00C04F79EFBC}") = "ShipModule", "ShipModule\ShipModule.csproj", "{92EC5FD9-6B3F-4CF7-A1EB-3DE4AA3EE059}"
EndProject
Project("{2150E333-8FDC-42A3-9474-1A3956D46DE8}") = "Solution Items", "Solution Items", "{DB155278-F032-427D-B842-41E4C4B07D6F}"
	ProjectSection(SolutionItems) = preProject
		.editorconfig = .editorconfig
	EndProjectSection
EndProject
Project("{FAE04EC0-301F-11D3-BF4B-00C04F79EFBC}") = "DockingModuleTests", "DockingModuleSpec\DockingModuleTests.csproj", "{F670AB48-CDBD-4B8F-9F28-CED1058EA030}"
EndProject
Global
	GlobalSection(SolutionConfigurationPlatforms) = preSolution
		Debug|Any CPU = Debug|Any CPU
		Release|Any CPU = Release|Any CPU
	EndGlobalSection
	GlobalSection(ProjectConfigurationPlatforms) = postSolution
		{1606330B-D9F9-4148-8351-B59C4462ACC2}.Debug|Any CPU.ActiveCfg = Debug|Any CPU
		{1606330B-D9F9-4148-8351-B59C4462ACC2}.Debug|Any CPU.Build.0 = Debug|Any CPU
		{1606330B-D9F9-4148-8351-B59C4462ACC2}.Release|Any CPU.ActiveCfg = Release|Any CPU
		{1606330B-D9F9-4148-8351-B59C4462ACC2}.Release|Any CPU.Build.0 = Release|Any CPU
		{3369D792-A596-44E1-8145-6CBE0CE18957}.Debug|Any CPU.ActiveCfg = Debug|Any CPU
		{3369D792-A596-44E1-8145-6CBE0CE18957}.Debug|Any CPU.Build.0 = Debug|Any CPU
		{3369D792-A596-44E1-8145-6CBE0CE18957}.Release|Any CPU.ActiveCfg = Release|Any CPU
		{3369D792-A596-44E1-8145-6CBE0CE18957}.Release|Any CPU.Build.0 = Release|Any CPU
		{92EC5FD9-6B3F-4CF7-A1EB-3DE4AA3EE059}.Debug|Any CPU.ActiveCfg = Debug|Any CPU
		{92EC5FD9-6B3F-4CF7-A1EB-3DE4AA3EE059}.Debug|Any CPU.Build.0 = Debug|Any CPU
		{92EC5FD9-6B3F-4CF7-A1EB-3DE4AA3EE059}.Release|Any CPU.ActiveCfg = Release|Any CPU
		{92EC5FD9-6B3F-4CF7-A1EB-3DE4AA3EE059}.Release|Any CPU.Build.0 = Release|Any CPU
		{F670AB48-CDBD-4B8F-9F28-CED1058EA030}.Debug|Any CPU.ActiveCfg = Debug|Any CPU
		{F670AB48-CDBD-4B8F-9F28-CED1058EA030}.Debug|Any CPU.Build.0 = Debug|Any CPU
		{F670AB48-CDBD-4B8F-9F28-CED1058EA030}.Release|Any CPU.ActiveCfg = Release|Any CPU
		{F670AB48-CDBD-4B8F-9F28-CED1058EA030}.Release|Any CPU.Build.0 = Release|Any CPU
	EndGlobalSection
	GlobalSection(SolutionProperties) = preSolution
		HideSolutionNode = FALSE
	EndGlobalSection
EndGlobal
